# This file is automatically @generated by Cargo.
# It is not intended for manual editing.
version = 3

[[package]]
name = "aes"
version = "0.9.0-pre.2"
dependencies = [
 "cfg-if",
 "cipher",
 "cpufeatures",
 "hex-literal",
 "subtle",
 "zeroize",
]

[[package]]
name = "aria"
version = "0.2.0-pre"
dependencies = [
 "cipher",
 "hex-literal",
]

[[package]]
name = "belt-block"
version = "0.2.0-pre.2"
dependencies = [
 "cipher",
 "hex-literal",
]

[[package]]
name = "blobby"
version = "0.3.1"
source = "registry+https://github.com/rust-lang/crates.io-index"
checksum = "847495c209977a90e8aad588b959d0ca9f5dc228096d29a6bd3defd53f35eaec"

[[package]]
name = "blowfish"
version = "0.10.0-pre.2"
dependencies = [
 "byteorder",
 "cipher",
]

[[package]]
name = "byteorder"
version = "1.5.0"
source = "registry+https://github.com/rust-lang/crates.io-index"
checksum = "1fd0f2584146f6f2ef48085050886acf353beff7305ebd1ae69500e27c67f64b"

[[package]]
name = "camellia"
version = "0.2.0-pre"
dependencies = [
 "byteorder",
 "cipher",
]

[[package]]
name = "cast5"
version = "0.12.0-pre"
dependencies = [
 "cipher",
 "hex-literal",
]

[[package]]
name = "cast6"
version = "0.2.0-pre"
dependencies = [
 "cipher",
 "hex-literal",
]

[[package]]
name = "cfg-if"
version = "1.0.0"
source = "registry+https://github.com/rust-lang/crates.io-index"
checksum = "baf1de4339761588bc0619e3cbc0120ee582ebb74b53b4efbf79117bd2da40fd"

[[package]]
name = "cipher"
version = "0.5.0-pre.7"
source = "git+https://github.com/RustCrypto/traits.git#efe27ed0cca4ac6bc1ce993c8e49b156cd74f9d8"
dependencies = [
 "blobby",
 "crypto-common",
 "inout",
 "zeroize",
]

[[package]]
name = "cpufeatures"
version = "0.2.17"
source = "registry+https://github.com/rust-lang/crates.io-index"
checksum = "59ed5838eebb26a2bb2e58f6d5b5316989ae9d08bab10e0e6d103e656d1b0280"
dependencies = [
 "libc",
]

[[package]]
name = "crypto-common"
version = "0.2.0-rc.1"
source = "git+https://github.com/RustCrypto/traits.git#efe27ed0cca4ac6bc1ce993c8e49b156cd74f9d8"
dependencies = [
 "hybrid-array",
]

[[package]]
name = "des"
version = "0.9.0-pre.2"
dependencies = [
 "cipher",
 "hex-literal",
]

[[package]]
name = "gift-cipher"
version = "0.0.1-pre.0"
dependencies = [
 "cipher",
 "hex-literal",
]

[[package]]
name = "hex-literal"
version = "0.4.1"
source = "registry+https://github.com/rust-lang/crates.io-index"
checksum = "6fe2267d4ed49bc07b63801559be28c718ea06c4738b7a03c94df7386d2cde46"

[[package]]
name = "hybrid-array"
version = "0.2.3"
source = "registry+https://github.com/rust-lang/crates.io-index"
checksum = "f2d35805454dc9f8662a98d6d61886ffe26bd465f5960e0e55345c70d5c0d2a9"
dependencies = [
 "typenum",
 "zeroize",
]

[[package]]
name = "idea"
version = "0.6.0-pre"
dependencies = [
 "cipher",
]

[[package]]
name = "inout"
version = "0.2.0-rc.3"
source = "registry+https://github.com/rust-lang/crates.io-index"
checksum = "de49db00f5add6dad75a57946b75de0f26287a6fc95f4f277d48419200422beb"
dependencies = [
 "hybrid-array",
]

[[package]]
name = "kuznyechik"
version = "0.9.0-pre.2"
dependencies = [
 "cfg-if",
 "cipher",
 "hex-literal",
]

[[package]]
name = "libc"
version = "0.2.169"
source = "registry+https://github.com/rust-lang/crates.io-index"
checksum = "b5aba8db14291edd000dfcc4d620c7ebfb122c613afb886ca8803fa4e128a20a"

[[package]]
name = "magma"
version = "0.10.0-pre.2"
dependencies = [
 "cipher",
 "hex-literal",
]

[[package]]
name = "rc2"
version = "0.9.0-pre"
dependencies = [
 "cipher",
]

[[package]]
name = "rc5"
version = "0.1.0-pre"
dependencies = [
 "cipher",
 "hex-literal",
]

[[package]]
name = "serpent"
version = "0.6.0-pre"
dependencies = [
 "cipher",
]

[[package]]
name = "sm4"
version = "0.6.0-pre"
dependencies = [
 "cipher",
 "hex-literal",
]

[[package]]
name = "speck-cipher"
version = "0.0.0"
dependencies = [
 "cipher",
 "hex-literal",
]

[[package]]
name = "subtle"
version = "2.6.1"
source = "registry+https://github.com/rust-lang/crates.io-index"
checksum = "13c2bddecc57b384dee18652358fb23172facb8a2c51ccc10d74c157bdea3292"

[[package]]
name = "threefish"
version = "0.6.0-pre"
dependencies = [
 "cipher",
 "hex-literal",
 "zeroize",
]

[[package]]
name = "twofish"
version = "0.8.0-pre"
dependencies = [
 "cipher",
 "hex-literal",
]

[[package]]
name = "typenum"
version = "1.17.0"
source = "registry+https://github.com/rust-lang/crates.io-index"
checksum = "42ff0bf0c66b8238c6f3b578df37d0b7848e55df8577b3f74f92a69acceeb825"

[[package]]
name = "xtea"
version = "0.0.1-pre.0"
dependencies = [
 "cipher",
]

[[package]]
name = "zeroize"
version = "1.8.1"
source = "registry+https://github.com/rust-lang/crates.io-index"
checksum = "ced3678a2879b30306d323f4542626697a464a97c0a07c9aebf7ebca65cd4dde"
