# This file is automatically @generated by Cargo.
# It is not intended for manual editing.
[[package]]
name = "aes"
version = "0.4.0-pre"
dependencies = [
 "aes-soft",
 "aesni",
 "block-cipher",
]

[[package]]
name = "aes-soft"
version = "0.4.0-pre"
dependencies = [
 "block-cipher",
 "byteorder",
 "opaque-debug",
]

[[package]]
name = "aesni"
version = "0.7.0-pre"
dependencies = [
 "block-cipher",
 "opaque-debug",
 "stream-cipher",
]

[[package]]
name = "blobby"
version = "0.1.2"
source = "registry+https://github.com/rust-lang/crates.io-index"
checksum = "6fe5f8c2940b65859ece4b3b2ba02d2b12c87cab455fd42dee2556a187bb2cf6"
dependencies = [
 "byteorder",
]

[[package]]
name = "block-cipher"
version = "0.7.0-pre"
source = "git+https://github.com/RustCrypto/traits.git#9cfac08fc7c151122ddebd580e0754c240d23db2"
dependencies = [
 "blobby",
 "generic-array",
]

[[package]]
name = "block-modes"
version = "0.4.0-pre"
dependencies = [
 "aes",
 "block-cipher",
 "block-padding",
 "hex-literal",
]

[[package]]
name = "block-padding"
version = "0.1.5"
source = "registry+https://github.com/rust-lang/crates.io-index"
checksum = "fa79dedbb091f449f1f39e53edf88d5dbe95f895dae6135a8d7b881fb5af73f5"
dependencies = [
 "byte-tools 0.3.1",
]

[[package]]
name = "blowfish"
version = "0.4.0"
dependencies = [
 "block-cipher",
 "byteorder",
 "opaque-debug",
]

[[package]]
name = "byte-tools"
version = "0.1.3"
source = "registry+https://github.com/rust-lang/crates.io-index"
checksum = "0919189ba800c7ffe8778278116b7e0de3905ab81c72abb69c85cbfef7991279"

[[package]]
name = "byte-tools"
version = "0.3.1"
source = "registry+https://github.com/rust-lang/crates.io-index"
checksum = "e3b5ca7a04898ad4bcd41c90c5285445ff5b791899bb1b0abdd2a2aa791211d7"

[[package]]
name = "byteorder"
version = "1.3.4"
source = "registry+https://github.com/rust-lang/crates.io-index"
checksum = "08c48aae112d48ed9f069b33538ea9e3e90aa263cfa3d1c24309612b1f7472de"

[[package]]
name = "cast5"
version = "0.7.0-pre"
dependencies = [
 "block-cipher",
 "byteorder",
 "opaque-debug",
]

[[package]]
name = "des"
version = "0.4.0-pre"
dependencies = [
 "block-cipher",
 "byteorder",
 "opaque-debug",
]

[[package]]
name = "generic-array"
version = "0.14.1"
source = "registry+https://github.com/rust-lang/crates.io-index"
checksum = "6d2664c2cf08049036f31015b04c6ac3671379a1d86f52ed2416893f16022deb"
dependencies = [
 "typenum",
]

[[package]]
name = "hex-literal"
version = "0.1.4"
source = "registry+https://github.com/rust-lang/crates.io-index"
checksum = "ddc2928beef125e519d69ae1baa8c37ea2e0d3848545217f6db0179c5eb1d639"
dependencies = [
 "hex-literal-impl",
 "proc-macro-hack",
]

[[package]]
name = "hex-literal-impl"
version = "0.1.2"
source = "registry+https://github.com/rust-lang/crates.io-index"
checksum = "520870c3213943eb8d7803e80180d12a6c7ceb4ae74602544529d1643dc4ddda"
dependencies = [
 "proc-macro-hack",
]

[[package]]
name = "idea"
version = "0.1.0-pre"
dependencies = [
 "block-cipher",
 "opaque-debug",
]

[[package]]
name = "kuznyechik"
version = "0.4.0-pre"
dependencies = [
 "block-cipher",
 "opaque-debug",
]

[[package]]
name = "magma"
version = "0.4.0-pre"
dependencies = [
 "block-cipher",
 "byteorder",
 "opaque-debug",
]

[[package]]
name = "opaque-debug"
version = "0.2.3"
source = "registry+https://github.com/rust-lang/crates.io-index"
checksum = "2839e79665f131bdb5782e51f2c6c9599c133c6098982a54c794358bf432529c"

[[package]]
name = "proc-macro-hack"
version = "0.4.2"
source = "registry+https://github.com/rust-lang/crates.io-index"
checksum = "463bf29e7f11344e58c9e01f171470ab15c925c6822ad75028cc1c0e1d1eb63b"
dependencies = [
 "proc-macro-hack-impl",
]

[[package]]
name = "proc-macro-hack-impl"
version = "0.4.2"
source = "registry+https://github.com/rust-lang/crates.io-index"
checksum = "38c47dcb1594802de8c02f3b899e2018c78291168a22c281be21ea0fb4796842"

[[package]]
name = "rc2"
version = "0.4.0-pre"
dependencies = [
 "block-cipher",
 "opaque-debug",
]

[[package]]
name = "serpent"
version = "0.1.0-pre"
dependencies = [
 "block-cipher",
 "byteorder",
 "opaque-debug",
]

[[package]]
name = "sm4"
version = "0.1.0-pre"
dependencies = [
 "block-cipher",
 "byteorder",
 "opaque-debug",
]

[[package]]
name = "stream-cipher"
version = "0.4.0-pre"
source = "git+https://github.com/RustCrypto/traits.git#9cfac08fc7c151122ddebd580e0754c240d23db2"
dependencies = [
 "blobby",
 "generic-array",
]

[[package]]
name = "threefish"
version = "0.1.0-pre"
dependencies = [
 "block-cipher",
 "byte-tools 0.1.3",
]

[[package]]
name = "twofish"
version = "0.3.0-pre"
dependencies = [
 "block-cipher",
 "byteorder",
 "opaque-debug",
]

[[package]]
name = "typenum"
version = "1.12.0"
source = "registry+https://github.com/rust-lang/crates.io-index"
checksum = "373c8a200f9e67a0c95e62a4f52fbf80c23b4381c05a17845531982fa99e6b33"
